// !$*UTF8*$!
{
	archiveVersion = 1;
	classes = {
	};
	objectVersion = 56;
	objects = {

/* Begin PBXBuildFile section */
		923643992A0521B400221E30 /* ImageTopApp.swift in Sources */ = {isa = PBXBuildFile; fileRef = 923643982A0521B400221E30 /* ImageTopApp.swift */; };
		9236439B2A0521B400221E30 /* ContentView.swift in Sources */ = {isa = PBXBuildFile; fileRef = 9236439A2A0521B400221E30 /* ContentView.swift */; };
		9236439D2A0521B600221E30 /* Assets.xcassets in Resources */ = {isa = PBXBuildFile; fileRef = 9236439C2A0521B600221E30 /* Assets.xcassets */; };
		923643A02A0521B600221E30 /* Preview Assets.xcassets in Resources */ = {isa = PBXBuildFile; fileRef = 9236439F2A0521B600221E30 /* Preview Assets.xcassets */; };
		923643A22A0521B600221E30 /* Persistence.swift in Sources */ = {isa = PBXBuildFile; fileRef = 923643A12A0521B600221E30 /* Persistence.swift */; };
		923643A52A0521B600221E30 /* ImageTop.xcdatamodeld in Sources */ = {isa = PBXBuildFile; fileRef = 923643A32A0521B600221E30 /* ImageTop.xcdatamodeld */; };
		92DDFA6F2A06DF4E00056912 /* DigitalWatchView.swift in Sources */ = {isa = PBXBuildFile; fileRef = 92DDFA6E2A06DF4E00056912 /* DigitalWatchView.swift */; };
		92DDFA712A07BC5600056912 /* CustomAppDelegate.swift in Sources */ = {isa = PBXBuildFile; fileRef = 92DDFA702A07BC5600056912 /* CustomAppDelegate.swift */; };
		92DDFA772A07DC7800056912 /* SettingsView.swift in Sources */ = {isa = PBXBuildFile; fileRef = 92DDFA762A07DC7800056912 /* SettingsView.swift */; };
		92DDFA7D2A08346B00056912 /* FocusableTextField.swift in Sources */ = {isa = PBXBuildFile; fileRef = 92DDFA7C2A08346B00056912 /* FocusableTextField.swift */; };
		92E19FD42A08F1FF004DBF3B /* NSView.swift in Sources */ = {isa = PBXBuildFile; fileRef = 92E19FD32A08F1FF004DBF3B /* NSView.swift */; };
		92F41A742A0922CA00E24631 /* HotKey in Frameworks */ = {isa = PBXBuildFile; productRef = 92F41A732A0922CA00E24631 /* HotKey */; };
		92F41A772A093F1100E24631 /* KeyboardShortcuts in Frameworks */ = {isa = PBXBuildFile; productRef = 92F41A762A093F1100E24631 /* KeyboardShortcuts */; };
		92F41A792A0953CD00E24631 /* KeyRecorder.swift in Sources */ = {isa = PBXBuildFile; fileRef = 92F41A782A0953CD00E24631 /* KeyRecorder.swift */; };
		92F41A7C2A0954B400E24631 /* KeyRecorderTextField.swift in Sources */ = {isa = PBXBuildFile; fileRef = 92F41A7B2A0954B400E24631 /* KeyRecorderTextField.swift */; };
		92F41A7F2A0978B900E24631 /* KeyRecorderTextFieldDelegate.swift in Sources */ = {isa = PBXBuildFile; fileRef = 92F41A7E2A0978B900E24631 /* KeyRecorderTextFieldDelegate.swift */; };
		92F41A832A0A44D900E24631 /* KeyboardShortcuts.swift in Sources */ = {isa = PBXBuildFile; fileRef = 92F41A822A0A44D900E24631 /* KeyboardShortcuts.swift */; };
		92F41A852A0BAD9D00E24631 /* NSWindow.swift in Sources */ = {isa = PBXBuildFile; fileRef = 92F41A842A0BAD9D00E24631 /* NSWindow.swift */; };
/* End PBXBuildFile section */

/* Begin PBXFileReference section */
		923643952A0521B400221E30 /* ImageTop.app */ = {isa = PBXFileReference; explicitFileType = wrapper.application; includeInIndex = 0; path = ImageTop.app; sourceTree = BUILT_PRODUCTS_DIR; };
		923643982A0521B400221E30 /* ImageTopApp.swift */ = {isa = PBXFileReference; lastKnownFileType = sourcecode.swift; path = ImageTopApp.swift; sourceTree = "<group>"; };
		9236439A2A0521B400221E30 /* ContentView.swift */ = {isa = PBXFileReference; lastKnownFileType = sourcecode.swift; path = ContentView.swift; sourceTree = "<group>"; };
		9236439C2A0521B600221E30 /* Assets.xcassets */ = {isa = PBXFileReference; lastKnownFileType = folder.assetcatalog; path = Assets.xcassets; sourceTree = "<group>"; };
		9236439F2A0521B600221E30 /* Preview Assets.xcassets */ = {isa = PBXFileReference; lastKnownFileType = folder.assetcatalog; path = "Preview Assets.xcassets"; sourceTree = "<group>"; };
		923643A12A0521B600221E30 /* Persistence.swift */ = {isa = PBXFileReference; lastKnownFileType = sourcecode.swift; path = Persistence.swift; sourceTree = "<group>"; };
		923643A42A0521B600221E30 /* ImageTop.xcdatamodel */ = {isa = PBXFileReference; lastKnownFileType = wrapper.xcdatamodel; path = ImageTop.xcdatamodel; sourceTree = "<group>"; };
		923643A62A0521B600221E30 /* ImageTop.entitlements */ = {isa = PBXFileReference; lastKnownFileType = text.plist.entitlements; path = ImageTop.entitlements; sourceTree = "<group>"; };
		92DDFA6C2A05415100056912 /* Info.plist */ = {isa = PBXFileReference; lastKnownFileType = text.plist; path = Info.plist; sourceTree = "<group>"; };
		92DDFA6E2A06DF4E00056912 /* DigitalWatchView.swift */ = {isa = PBXFileReference; lastKnownFileType = sourcecode.swift; path = DigitalWatchView.swift; sourceTree = "<group>"; };
		92DDFA702A07BC5600056912 /* CustomAppDelegate.swift */ = {isa = PBXFileReference; lastKnownFileType = sourcecode.swift; path = CustomAppDelegate.swift; sourceTree = "<group>"; };
		92DDFA762A07DC7800056912 /* SettingsView.swift */ = {isa = PBXFileReference; lastKnownFileType = sourcecode.swift; path = SettingsView.swift; sourceTree = "<group>"; };
		92DDFA7C2A08346B00056912 /* FocusableTextField.swift */ = {isa = PBXFileReference; lastKnownFileType = sourcecode.swift; path = FocusableTextField.swift; sourceTree = "<group>"; };
		92E19FD32A08F1FF004DBF3B /* NSView.swift */ = {isa = PBXFileReference; lastKnownFileType = sourcecode.swift; path = NSView.swift; sourceTree = "<group>"; };
		92F41A782A0953CD00E24631 /* KeyRecorder.swift */ = {isa = PBXFileReference; lastKnownFileType = sourcecode.swift; path = KeyRecorder.swift; sourceTree = "<group>"; };
		92F41A7B2A0954B400E24631 /* KeyRecorderTextField.swift */ = {isa = PBXFileReference; lastKnownFileType = sourcecode.swift; path = KeyRecorderTextField.swift; sourceTree = "<group>"; };
		92F41A7E2A0978B900E24631 /* KeyRecorderTextFieldDelegate.swift */ = {isa = PBXFileReference; lastKnownFileType = sourcecode.swift; path = KeyRecorderTextFieldDelegate.swift; sourceTree = "<group>"; };
		92F41A822A0A44D900E24631 /* KeyboardShortcuts.swift */ = {isa = PBXFileReference; lastKnownFileType = sourcecode.swift; path = KeyboardShortcuts.swift; sourceTree = "<group>"; };
		92F41A842A0BAD9D00E24631 /* NSWindow.swift */ = {isa = PBXFileReference; lastKnownFileType = sourcecode.swift; path = NSWindow.swift; sourceTree = "<group>"; };
/* End PBXFileReference section */

/* Begin PBXFrameworksBuildPhase section */
		923643922A0521B400221E30 /* Frameworks */ = {
			isa = PBXFrameworksBuildPhase;
			buildActionMask = 2147483647;
			files = (
				92F41A742A0922CA00E24631 /* HotKey in Frameworks */,
				92F41A772A093F1100E24631 /* KeyboardShortcuts in Frameworks */,
			);
			runOnlyForDeploymentPostprocessing = 0;
		};
/* End PBXFrameworksBuildPhase section */

/* Begin PBXGroup section */
		9236438C2A0521B400221E30 = {
			isa = PBXGroup;
			children = (
				923643972A0521B400221E30 /* ImageTop */,
				923643962A0521B400221E30 /* Products */,
			);
			sourceTree = "<group>";
		};
		923643962A0521B400221E30 /* Products */ = {
			isa = PBXGroup;
			children = (
				923643952A0521B400221E30 /* ImageTop.app */,
			);
			name = Products;
			sourceTree = "<group>";
		};
		923643972A0521B400221E30 /* ImageTop */ = {
			isa = PBXGroup;
			children = (
				92F41A7D2A09788400E24631 /* Protocols */,
				92F41A7A2A09549300E24631 /* Classes */,
				92DDFA7B2A08344100056912 /* Structs */,
				92DDFA782A07E23F00056912 /* Extensions */,
				92DDFA6C2A05415100056912 /* Info.plist */,
				923643982A0521B400221E30 /* ImageTopApp.swift */,
				92DDFA6D2A06DF2E00056912 /* Views */,
				9236439A2A0521B400221E30 /* ContentView.swift */,
				9236439C2A0521B600221E30 /* Assets.xcassets */,
				923643A12A0521B600221E30 /* Persistence.swift */,
				923643A62A0521B600221E30 /* ImageTop.entitlements */,
				923643A32A0521B600221E30 /* ImageTop.xcdatamodeld */,
				9236439E2A0521B600221E30 /* Preview Content */,
				92DDFA702A07BC5600056912 /* CustomAppDelegate.swift */,
			);
			path = ImageTop;
			sourceTree = "<group>";
		};
		9236439E2A0521B600221E30 /* Preview Content */ = {
			isa = PBXGroup;
			children = (
				9236439F2A0521B600221E30 /* Preview Assets.xcassets */,
			);
			path = "Preview Content";
			sourceTree = "<group>";
		};
		92DDFA6D2A06DF2E00056912 /* Views */ = {
			isa = PBXGroup;
			children = (
				92DDFA6E2A06DF4E00056912 /* DigitalWatchView.swift */,
				92DDFA762A07DC7800056912 /* SettingsView.swift */,
			);
			path = Views;
			sourceTree = "<group>";
		};
		92DDFA782A07E23F00056912 /* Extensions */ = {
			isa = PBXGroup;
			children = (
				92E19FD32A08F1FF004DBF3B /* NSView.swift */,
				92F41A822A0A44D900E24631 /* KeyboardShortcuts.swift */,
				92F41A842A0BAD9D00E24631 /* NSWindow.swift */,
			);
			path = Extensions;
			sourceTree = "<group>";
		};
		92DDFA7B2A08344100056912 /* Structs */ = {
			isa = PBXGroup;
			children = (
				92DDFA7C2A08346B00056912 /* FocusableTextField.swift */,
				92F41A782A0953CD00E24631 /* KeyRecorder.swift */,
			);
			path = Structs;
			sourceTree = "<group>";
		};
		92F41A7A2A09549300E24631 /* Classes */ = {
			isa = PBXGroup;
			children = (
				92F41A7B2A0954B400E24631 /* KeyRecorderTextField.swift */,
			);
			path = Classes;
			sourceTree = "<group>";
		};
		92F41A7D2A09788400E24631 /* Protocols */ = {
			isa = PBXGroup;
			children = (
				92F41A7E2A0978B900E24631 /* KeyRecorderTextFieldDelegate.swift */,
			);
			path = Protocols;
			sourceTree = "<group>";
		};
/* End PBXGroup section */

/* Begin PBXNativeTarget section */
		923643942A0521B400221E30 /* ImageTop */ = {
			isa = PBXNativeTarget;
			buildConfigurationList = 923643A92A0521B600221E30 /* Build configuration list for PBXNativeTarget "ImageTop" */;
			buildPhases = (
				923643912A0521B400221E30 /* Sources */,
				923643922A0521B400221E30 /* Frameworks */,
				923643932A0521B400221E30 /* Resources */,
			);
			buildRules = (
			);
			dependencies = (
			);
			name = ImageTop;
			packageProductDependencies = (
				92F41A732A0922CA00E24631 /* HotKey */,
				92F41A762A093F1100E24631 /* KeyboardShortcuts */,
			);
			productName = ImageTop;
			productReference = 923643952A0521B400221E30 /* ImageTop.app */;
			productType = "com.apple.product-type.application";
		};
/* End PBXNativeTarget section */

/* Begin PBXProject section */
		9236438D2A0521B400221E30 /* Project object */ = {
			isa = PBXProject;
			attributes = {
				BuildIndependentTargetsInParallel = 1;
				LastSwiftUpdateCheck = 1430;
				LastUpgradeCheck = 1430;
				TargetAttributes = {
					923643942A0521B400221E30 = {
						CreatedOnToolsVersion = 14.3;
					};
				};
			};
			buildConfigurationList = 923643902A0521B400221E30 /* Build configuration list for PBXProject "ImageTop" */;
			compatibilityVersion = "Xcode 14.0";
			developmentRegion = en;
			hasScannedForEncodings = 0;
			knownRegions = (
				en,
				Base,
			);
			mainGroup = 9236438C2A0521B400221E30;
			packageReferences = (
				92F41A722A0922CA00E24631 /* XCRemoteSwiftPackageReference "HotKey" */,
				92F41A752A093F1100E24631 /* XCRemoteSwiftPackageReference "KeyboardShortcuts" */,
			);
			productRefGroup = 923643962A0521B400221E30 /* Products */;
			projectDirPath = "";
			projectRoot = "";
			targets = (
				923643942A0521B400221E30 /* ImageTop */,
			);
		};
/* End PBXProject section */

/* Begin PBXResourcesBuildPhase section */
		923643932A0521B400221E30 /* Resources */ = {
			isa = PBXResourcesBuildPhase;
			buildActionMask = 2147483647;
			files = (
				923643A02A0521B600221E30 /* Preview Assets.xcassets in Resources */,
				9236439D2A0521B600221E30 /* Assets.xcassets in Resources */,
			);
			runOnlyForDeploymentPostprocessing = 0;
		};
/* End PBXResourcesBuildPhase section */

/* Begin PBXSourcesBuildPhase section */
		923643912A0521B400221E30 /* Sources */ = {
			isa = PBXSourcesBuildPhase;
			buildActionMask = 2147483647;
			files = (
				92F41A7F2A0978B900E24631 /* KeyRecorderTextFieldDelegate.swift in Sources */,
				92DDFA7D2A08346B00056912 /* FocusableTextField.swift in Sources */,
				92F41A852A0BAD9D00E24631 /* NSWindow.swift in Sources */,
				92DDFA772A07DC7800056912 /* SettingsView.swift in Sources */,
				92DDFA6F2A06DF4E00056912 /* DigitalWatchView.swift in Sources */,
				92F41A792A0953CD00E24631 /* KeyRecorder.swift in Sources */,
				923643A22A0521B600221E30 /* Persistence.swift in Sources */,
				9236439B2A0521B400221E30 /* ContentView.swift in Sources */,
				92DDFA712A07BC5600056912 /* CustomAppDelegate.swift in Sources */,
				92F41A832A0A44D900E24631 /* KeyboardShortcuts.swift in Sources */,
				92F41A7C2A0954B400E24631 /* KeyRecorderTextField.swift in Sources */,
				923643992A0521B400221E30 /* ImageTopApp.swift in Sources */,
				92E19FD42A08F1FF004DBF3B /* NSView.swift in Sources */,
				923643A52A0521B600221E30 /* ImageTop.xcdatamodeld in Sources */,
			);
			runOnlyForDeploymentPostprocessing = 0;
		};
/* End PBXSourcesBuildPhase section */

/* Begin XCBuildConfiguration section */
		923643A72A0521B600221E30 /* Debug */ = {
			isa = XCBuildConfiguration;
			buildSettings = {
				ALWAYS_SEARCH_USER_PATHS = NO;
				CLANG_ANALYZER_NONNULL = YES;
				CLANG_ANALYZER_NUMBER_OBJECT_CONVERSION = YES_AGGRESSIVE;
				CLANG_CXX_LANGUAGE_STANDARD = "gnu++20";
				CLANG_ENABLE_MODULES = YES;
				CLANG_ENABLE_OBJC_ARC = YES;
				CLANG_ENABLE_OBJC_WEAK = YES;
				CLANG_WARN_BLOCK_CAPTURE_AUTORELEASING = YES;
				CLANG_WARN_BOOL_CONVERSION = YES;
				CLANG_WARN_COMMA = YES;
				CLANG_WARN_CONSTANT_CONVERSION = YES;
				CLANG_WARN_DEPRECATED_OBJC_IMPLEMENTATIONS = YES;
				CLANG_WARN_DIRECT_OBJC_ISA_USAGE = YES_ERROR;
				CLANG_WARN_DOCUMENTATION_COMMENTS = YES;
				CLANG_WARN_EMPTY_BODY = YES;
				CLANG_WARN_ENUM_CONVERSION = YES;
				CLANG_WARN_INFINITE_RECURSION = YES;
				CLANG_WARN_INT_CONVERSION = YES;
				CLANG_WARN_NON_LITERAL_NULL_CONVERSION = YES;
				CLANG_WARN_OBJC_IMPLICIT_RETAIN_SELF = YES;
				CLANG_WARN_OBJC_LITERAL_CONVERSION = YES;
				CLANG_WARN_OBJC_ROOT_CLASS = YES_ERROR;
				CLANG_WARN_QUOTED_INCLUDE_IN_FRAMEWORK_HEADER = YES;
				CLANG_WARN_RANGE_LOOP_ANALYSIS = YES;
				CLANG_WARN_STRICT_PROTOTYPES = YES;
				CLANG_WARN_SUSPICIOUS_MOVE = YES;
				CLANG_WARN_UNGUARDED_AVAILABILITY = YES_AGGRESSIVE;
				CLANG_WARN_UNREACHABLE_CODE = YES;
				CLANG_WARN__DUPLICATE_METHOD_MATCH = YES;
				COPY_PHASE_STRIP = NO;
				DEBUG_INFORMATION_FORMAT = dwarf;
				ENABLE_STRICT_OBJC_MSGSEND = YES;
				ENABLE_TESTABILITY = YES;
				GCC_C_LANGUAGE_STANDARD = gnu11;
				GCC_DYNAMIC_NO_PIC = NO;
				GCC_NO_COMMON_BLOCKS = YES;
				GCC_OPTIMIZATION_LEVEL = 0;
				GCC_PREPROCESSOR_DEFINITIONS = (
					"DEBUG=1",
					"$(inherited)",
				);
				GCC_WARN_64_TO_32_BIT_CONVERSION = YES;
				GCC_WARN_ABOUT_RETURN_TYPE = YES_ERROR;
				GCC_WARN_UNDECLARED_SELECTOR = YES;
				GCC_WARN_UNINITIALIZED_AUTOS = YES_AGGRESSIVE;
				GCC_WARN_UNUSED_FUNCTION = YES;
				GCC_WARN_UNUSED_VARIABLE = YES;
				INFOPLIST_KEY_NSDownloadsFolderUsageDescription = "For getting images";
				MACOSX_DEPLOYMENT_TARGET = 13.0;
				MTL_ENABLE_DEBUG_INFO = INCLUDE_SOURCE;
				MTL_FAST_MATH = YES;
				ONLY_ACTIVE_ARCH = YES;
				SDKROOT = macosx;
				SWIFT_ACTIVE_COMPILATION_CONDITIONS = DEBUG;
				SWIFT_OPTIMIZATION_LEVEL = "-Onone";
			};
			name = Debug;
		};
		923643A82A0521B600221E30 /* Release */ = {
			isa = XCBuildConfiguration;
			buildSettings = {
				ALWAYS_SEARCH_USER_PATHS = NO;
				CLANG_ANALYZER_NONNULL = YES;
				CLANG_ANALYZER_NUMBER_OBJECT_CONVERSION = YES_AGGRESSIVE;
				CLANG_CXX_LANGUAGE_STANDARD = "gnu++20";
				CLANG_ENABLE_MODULES = YES;
				CLANG_ENABLE_OBJC_ARC = YES;
				CLANG_ENABLE_OBJC_WEAK = YES;
				CLANG_WARN_BLOCK_CAPTURE_AUTORELEASING = YES;
				CLANG_WARN_BOOL_CONVERSION = YES;
				CLANG_WARN_COMMA = YES;
				CLANG_WARN_CONSTANT_CONVERSION = YES;
				CLANG_WARN_DEPRECATED_OBJC_IMPLEMENTATIONS = YES;
				CLANG_WARN_DIRECT_OBJC_ISA_USAGE = YES_ERROR;
				CLANG_WARN_DOCUMENTATION_COMMENTS = YES;
				CLANG_WARN_EMPTY_BODY = YES;
				CLANG_WARN_ENUM_CONVERSION = YES;
				CLANG_WARN_INFINITE_RECURSION = YES;
				CLANG_WARN_INT_CONVERSION = YES;
				CLANG_WARN_NON_LITERAL_NULL_CONVERSION = YES;
				CLANG_WARN_OBJC_IMPLICIT_RETAIN_SELF = YES;
				CLANG_WARN_OBJC_LITERAL_CONVERSION = YES;
				CLANG_WARN_OBJC_ROOT_CLASS = YES_ERROR;
				CLANG_WARN_QUOTED_INCLUDE_IN_FRAMEWORK_HEADER = YES;
				CLANG_WARN_RANGE_LOOP_ANALYSIS = YES;
				CLANG_WARN_STRICT_PROTOTYPES = YES;
				CLANG_WARN_SUSPICIOUS_MOVE = YES;
				CLANG_WARN_UNGUARDED_AVAILABILITY = YES_AGGRESSIVE;
				CLANG_WARN_UNREACHABLE_CODE = YES;
				CLANG_WARN__DUPLICATE_METHOD_MATCH = YES;
				COPY_PHASE_STRIP = NO;
				DEBUG_INFORMATION_FORMAT = "dwarf-with-dsym";
				ENABLE_NS_ASSERTIONS = NO;
				ENABLE_STRICT_OBJC_MSGSEND = YES;
				GCC_C_LANGUAGE_STANDARD = gnu11;
				GCC_NO_COMMON_BLOCKS = YES;
				GCC_WARN_64_TO_32_BIT_CONVERSION = YES;
				GCC_WARN_ABOUT_RETURN_TYPE = YES_ERROR;
				GCC_WARN_UNDECLARED_SELECTOR = YES;
				GCC_WARN_UNINITIALIZED_AUTOS = YES_AGGRESSIVE;
				GCC_WARN_UNUSED_FUNCTION = YES;
				GCC_WARN_UNUSED_VARIABLE = YES;
				INFOPLIST_KEY_NSDownloadsFolderUsageDescription = "For getting images";
				MACOSX_DEPLOYMENT_TARGET = 13.0;
				MTL_ENABLE_DEBUG_INFO = NO;
				MTL_FAST_MATH = YES;
				SDKROOT = macosx;
				SWIFT_COMPILATION_MODE = wholemodule;
				SWIFT_OPTIMIZATION_LEVEL = "-O";
			};
			name = Release;
		};
		923643AA2A0521B600221E30 /* Debug */ = {
			isa = XCBuildConfiguration;
			buildSettings = {
				ASSETCATALOG_COMPILER_APPICON_NAME = AppIcon;
				ASSETCATALOG_COMPILER_GLOBAL_ACCENT_COLOR_NAME = AccentColor;
				ASSETCATALOG_COMPILER_INCLUDE_ALL_APPICON_ASSETS = NO;
				CODE_SIGN_ENTITLEMENTS = ImageTop/ImageTop.entitlements;
				"CODE_SIGN_IDENTITY[sdk=macosx*]" = "Apple Development";
				CODE_SIGN_STYLE = Automatic;
				COMBINE_HIDPI_IMAGES = YES;
				CURRENT_PROJECT_VERSION = 2;
				DEVELOPMENT_ASSET_PATHS = "\"ImageTop/Preview Content\"";
				DEVELOPMENT_TEAM = NRTGJB9J65;
				ENABLE_HARDENED_RUNTIME = YES;
				ENABLE_PREVIEWS = YES;
				GENERATE_INFOPLIST_FILE = YES;
				INFOPLIST_FILE = ImageTop/Info.plist;
				INFOPLIST_KEY_NSDownloadsFolderUsageDescription = "For getting the images";
				INFOPLIST_KEY_NSHumanReadableCopyright = "";
				LD_RUNPATH_SEARCH_PATHS = (
					"$(inherited)",
					"@executable_path/../Frameworks",
				);
				MARKETING_VERSION = 1.0;
				PRODUCT_BUNDLE_IDENTIFIER = com.imageTop.ImageTop;
				PRODUCT_NAME = "$(TARGET_NAME)";
				SWIFT_EMIT_LOC_STRINGS = YES;
				SWIFT_VERSION = 5.0;
			};
			name = Debug;
		};
		923643AB2A0521B600221E30 /* Release */ = {
			isa = XCBuildConfiguration;
			buildSettings = {
				ASSETCATALOG_COMPILER_APPICON_NAME = AppIcon;
				ASSETCATALOG_COMPILER_GLOBAL_ACCENT_COLOR_NAME = AccentColor;
				ASSETCATALOG_COMPILER_INCLUDE_ALL_APPICON_ASSETS = NO;
				CODE_SIGN_ENTITLEMENTS = ImageTop/ImageTop.entitlements;
				"CODE_SIGN_IDENTITY[sdk=macosx*]" = "Apple Development";
				CODE_SIGN_STYLE = Automatic;
				COMBINE_HIDPI_IMAGES = YES;
				CURRENT_PROJECT_VERSION = 2;
				DEVELOPMENT_ASSET_PATHS = "\"ImageTop/Preview Content\"";
				DEVELOPMENT_TEAM = NRTGJB9J65;
				ENABLE_HARDENED_RUNTIME = YES;
				ENABLE_PREVIEWS = YES;
				GENERATE_INFOPLIST_FILE = YES;
				INFOPLIST_FILE = ImageTop/Info.plist;
				INFOPLIST_KEY_NSDownloadsFolderUsageDescription = "For getting the images";
				INFOPLIST_KEY_NSHumanReadableCopyright = "";
				LD_RUNPATH_SEARCH_PATHS = (
					"$(inherited)",
					"@executable_path/../Frameworks",
				);
				MARKETING_VERSION = 1.0;
				PRODUCT_BUNDLE_IDENTIFIER = com.imageTop.ImageTop;
				PRODUCT_NAME = "$(TARGET_NAME)";
				SWIFT_EMIT_LOC_STRINGS = YES;
				SWIFT_VERSION = 5.0;
			};
			name = Release;
		};
/* End XCBuildConfiguration section */

/* Begin XCConfigurationList section */
		923643902A0521B400221E30 /* Build configuration list for PBXProject "ImageTop" */ = {
			isa = XCConfigurationList;
			buildConfigurations = (
				923643A72A0521B600221E30 /* Debug */,
				923643A82A0521B600221E30 /* Release */,
			);
			defaultConfigurationIsVisible = 0;
			defaultConfigurationName = Release;
		};
		923643A92A0521B600221E30 /* Build configuration list for PBXNativeTarget "ImageTop" */ = {
			isa = XCConfigurationList;
			buildConfigurations = (
				923643AA2A0521B600221E30 /* Debug */,
				923643AB2A0521B600221E30 /* Release */,
			);
			defaultConfigurationIsVisible = 0;
			defaultConfigurationName = Release;
		};
/* End XCConfigurationList section */

/* Begin XCRemoteSwiftPackageReference section */
		92F41A722A0922CA00E24631 /* XCRemoteSwiftPackageReference "HotKey" */ = {
			isa = XCRemoteSwiftPackageReference;
			repositoryURL = "https://github.com/soffes/HotKey";
			requirement = {
				branch = master;
				kind = branch;
			};
		};
		92F41A752A093F1100E24631 /* XCRemoteSwiftPackageReference "KeyboardShortcuts" */ = {
			isa = XCRemoteSwiftPackageReference;
			repositoryURL = "https://github.com/sindresorhus/KeyboardShortcuts.git";
			requirement = {
				kind = upToNextMajorVersion;
				minimumVersion = 1.0.0;
			};
		};
/* End XCRemoteSwiftPackageReference section */

/* Begin XCSwiftPackageProductDependency section */
		92F41A732A0922CA00E24631 /* HotKey */ = {
			isa = XCSwiftPackageProductDependency;
			package = 92F41A722A0922CA00E24631 /* XCRemoteSwiftPackageReference "HotKey" */;
			productName = HotKey;
		};
		92F41A762A093F1100E24631 /* KeyboardShortcuts */ = {
			isa = XCSwiftPackageProductDependency;
			package = 92F41A752A093F1100E24631 /* XCRemoteSwiftPackageReference "KeyboardShortcuts" */;
			productName = KeyboardShortcuts;
		};
/* End XCSwiftPackageProductDependency section */

/* Begin XCVersionGroup section */
		923643A32A0521B600221E30 /* ImageTop.xcdatamodeld */ = {
			isa = XCVersionGroup;
			children = (
				923643A42A0521B600221E30 /* ImageTop.xcdatamodel */,
			);
			currentVersion = 923643A42A0521B600221E30 /* ImageTop.xcdatamodel */;
			path = ImageTop.xcdatamodeld;
			sourceTree = "<group>";
			versionGroupType = wrapper.xcdatamodel;
		};
/* End XCVersionGroup section */
	};
	rootObject = 9236438D2A0521B400221E30 /* Project object */;
}
